
Microsoft Visual Studio Solution File, Format Version 12.00
# Visual Studio Version 17
VisualStudioVersion = 17.0.31903.59
MinimumVisualStudioVersion = 10.0.40219.1
Project("{2150E333-8FDC-42A3-9474-1A3956D46DE8}") = "src", "src", "{827E0CD3-B72D-47B6-A68D-7590B98EB39B}"
EndProject
Project("{FAE04EC0-301F-11D3-BF4B-00C04F79EFBC}") = "MiniTime.Core", "src\MiniTime.Core\MiniTime.Core.csproj", "{9ACD6C40-655C-4376-A07F-0BA1EB790515}"
EndProject
Project("{FAE04EC0-301F-11D3-BF4B-00C04F79EFBC}") = "MiniTime.Data", "src\MiniTime.Data\MiniTime.Data.csproj", "{07D16BBE-7853-464A-AA9F-6C8713283C04}"
EndProject
Project("{FAE04EC0-301F-11D3-BF4B-00C04F79EFBC}") = "MiniTime.Serial", "src\MiniTime.Serial\MiniTime.Serial.csproj", "{E697E4CC-4EFB-47AE-A949-AA01D726FFCF}"
EndProject
Project("{FAE04EC0-301F-11D3-BF4B-00C04F79EFBC}") = "MiniTime.MdbReader", "src\MiniTime.MdbReader\MiniTime.MdbReader.csproj", "{5A45710F-66C0-41FE-8CC5-5B33034681F2}"
EndProject
Project("{FAE04EC0-301F-11D3-BF4B-00C04F79EFBC}") = "MiniTime.App", "src\MiniTime.App\MiniTime.App.csproj", "{A99558E7-7F32-478F-8BE2-7F4AD4AFEC4C}"
EndProject
Project("{2150E333-8FDC-42A3-9474-1A3956D46DE8}") = "tests", "tests", "{0AB3BF05-4346-4AA6-1389-037BE0695223}"
EndProject
Project("{FAE04EC0-301F-11D3-BF4B-00C04F79EFBC}") = "MiniTime.Tests", "tests\MiniTime.Tests\MiniTime.Tests.csproj", "{9D93047A-93B7-4E75-9A85-85637D2E8D9F}"
EndProject
Project("{FAE04EC0-301F-11D3-BF4B-00C04F79EFBC}") = "MiniTime.Protocolo", "src\MiniTime.Protocolo\MiniTime.Protocolo.csproj", "{B54085F1-8533-414F-BBC8-0C66A545B087}"
EndProject
Global
	GlobalSection(SolutionConfigurationPlatforms) = preSolution
		Debug|Any CPU = Debug|Any CPU
		Debug|x64 = Debug|x64
		Debug|x86 = Debug|x86
		Release|Any CPU = Release|Any CPU
		Release|x64 = Release|x64
		Release|x86 = Release|x86
	EndGlobalSection
	GlobalSection(ProjectConfigurationPlatforms) = postSolution
		{9ACD6C40-655C-4376-A07F-0BA1EB790515}.Debug|Any CPU.ActiveCfg = Debug|Any CPU
		{9ACD6C40-655C-4376-A07F-0BA1EB790515}.Debug|Any CPU.Build.0 = Debug|Any CPU
		{9ACD6C40-655C-4376-A07F-0BA1EB790515}.Debug|x64.ActiveCfg = Debug|Any CPU
		{9ACD6C40-655C-4376-A07F-0BA1EB790515}.Debug|x64.Build.0 = Debug|Any CPU
		{9ACD6C40-655C-4376-A07F-0BA1EB790515}.Debug|x86.ActiveCfg = Debug|Any CPU
		{9ACD6C40-655C-4376-A07F-0BA1EB790515}.Debug|x86.Build.0 = Debug|Any CPU
		{9ACD6C40-655C-4376-A07F-0BA1EB790515}.Release|Any CPU.ActiveCfg = Release|Any CPU
		{9ACD6C40-655C-4376-A07F-0BA1EB790515}.Release|Any CPU.Build.0 = Release|Any CPU
		{9ACD6C40-655C-4376-A07F-0BA1EB790515}.Release|x64.ActiveCfg = Release|Any CPU
		{9ACD6C40-655C-4376-A07F-0BA1EB790515}.Release|x64.Build.0 = Release|Any CPU
		{9ACD6C40-655C-4376-A07F-0BA1EB790515}.Release|x86.ActiveCfg = Release|Any CPU
		{9ACD6C40-655C-4376-A07F-0BA1EB790515}.Release|x86.Build.0 = Release|Any CPU
		{07D16BBE-7853-464A-AA9F-6C8713283C04}.Debug|Any CPU.ActiveCfg = Debug|Any CPU
		{07D16BBE-7853-464A-AA9F-6C8713283C04}.Debug|Any CPU.Build.0 = Debug|Any CPU
		{07D16BBE-7853-464A-AA9F-6C8713283C04}.Debug|x64.ActiveCfg = Debug|Any CPU
		{07D16BBE-7853-464A-AA9F-6C8713283C04}.Debug|x64.Build.0 = Debug|Any CPU
		{07D16BBE-7853-464A-AA9F-6C8713283C04}.Debug|x86.ActiveCfg = Debug|Any CPU
		{07D16BBE-7853-464A-AA9F-6C8713283C04}.Debug|x86.Build.0 = Debug|Any CPU
		{07D16BBE-7853-464A-AA9F-6C8713283C04}.Release|Any CPU.ActiveCfg = Release|Any CPU
		{07D16BBE-7853-464A-AA9F-6C8713283C04}.Release|Any CPU.Build.0 = Release|Any CPU
		{07D16BBE-7853-464A-AA9F-6C8713283C04}.Release|x64.ActiveCfg = Release|Any CPU
		{07D16BBE-7853-464A-AA9F-6C8713283C04}.Release|x64.Build.0 = Release|Any CPU
		{07D16BBE-7853-464A-AA9F-6C8713283C04}.Release|x86.ActiveCfg = Release|Any CPU
		{07D16BBE-7853-464A-AA9F-6C8713283C04}.Release|x86.Build.0 = Release|Any CPU
		{E697E4CC-4EFB-47AE-A949-AA01D726FFCF}.Debug|Any CPU.ActiveCfg = Debug|Any CPU
		{E697E4CC-4EFB-47AE-A949-AA01D726FFCF}.Debug|Any CPU.Build.0 = Debug|Any CPU
		{E697E4CC-4EFB-47AE-A949-AA01D726FFCF}.Debug|x64.ActiveCfg = Debug|Any CPU
		{E697E4CC-4EFB-47AE-A949-AA01D726FFCF}.Debug|x64.Build.0 = Debug|Any CPU
		{E697E4CC-4EFB-47AE-A949-AA01D726FFCF}.Debug|x86.ActiveCfg = Debug|Any CPU
		{E697E4CC-4EFB-47AE-A949-AA01D726FFCF}.Debug|x86.Build.0 = Debug|Any CPU
		{E697E4CC-4EFB-47AE-A949-AA01D726FFCF}.Release|Any CPU.ActiveCfg = Release|Any CPU
		{E697E4CC-4EFB-47AE-A949-AA01D726FFCF}.Release|Any CPU.Build.0 = Release|Any CPU
		{E697E4CC-4EFB-47AE-A949-AA01D726FFCF}.Release|x64.ActiveCfg = Release|Any CPU
		{E697E4CC-4EFB-47AE-A949-AA01D726FFCF}.Release|x64.Build.0 = Release|Any CPU
		{E697E4CC-4EFB-47AE-A949-AA01D726FFCF}.Release|x86.ActiveCfg = Release|Any CPU
		{E697E4CC-4EFB-47AE-A949-AA01D726FFCF}.Release|x86.Build.0 = Release|Any CPU
		{5A45710F-66C0-41FE-8CC5-5B33034681F2}.Debug|Any CPU.ActiveCfg = Debug|Any CPU
		{5A45710F-66C0-41FE-8CC5-5B33034681F2}.Debug|Any CPU.Build.0 = Debug|Any CPU
		{5A45710F-66C0-41FE-8CC5-5B33034681F2}.Debug|x64.ActiveCfg = Debug|Any CPU
		{5A45710F-66C0-41FE-8CC5-5B33034681F2}.Debug|x64.Build.0 = Debug|Any CPU
		{5A45710F-66C0-41FE-8CC5-5B33034681F2}.Debug|x86.ActiveCfg = Debug|Any CPU
		{5A45710F-66C0-41FE-8CC5-5B33034681F2}.Debug|x86.Build.0 = Debug|Any CPU
		{5A45710F-66C0-41FE-8CC5-5B33034681F2}.Release|Any CPU.ActiveCfg = Release|Any CPU
		{5A45710F-66C0-41FE-8CC5-5B33034681F2}.Release|Any CPU.Build.0 = Release|Any CPU
		{5A45710F-66C0-41FE-8CC5-5B33034681F2}.Release|x64.ActiveCfg = Release|Any CPU
		{5A45710F-66C0-41FE-8CC5-5B33034681F2}.Release|x64.Build.0 = Release|Any CPU
		{5A45710F-66C0-41FE-8CC5-5B33034681F2}.Release|x86.ActiveCfg = Release|Any CPU
		{5A45710F-66C0-41FE-8CC5-5B33034681F2}.Release|x86.Build.0 = Release|Any CPU
		{A99558E7-7F32-478F-8BE2-7F4AD4AFEC4C}.Debug|Any CPU.ActiveCfg = Debug|Any CPU
		{A99558E7-7F32-478F-8BE2-7F4AD4AFEC4C}.Debug|Any CPU.Build.0 = Debug|Any CPU
		{A99558E7-7F32-478F-8BE2-7F4AD4AFEC4C}.Debug|x64.ActiveCfg = Debug|Any CPU
		{A99558E7-7F32-478F-8BE2-7F4AD4AFEC4C}.Debug|x64.Build.0 = Debug|Any CPU
		{A99558E7-7F32-478F-8BE2-7F4AD4AFEC4C}.Debug|x86.ActiveCfg = Debug|Any CPU
		{A99558E7-7F32-478F-8BE2-7F4AD4AFEC4C}.Debug|x86.Build.0 = Debug|Any CPU
		{A99558E7-7F32-478F-8BE2-7F4AD4AFEC4C}.Release|Any CPU.ActiveCfg = Release|Any CPU
		{A99558E7-7F32-478F-8BE2-7F4AD4AFEC4C}.Release|Any CPU.Build.0 = Release|Any CPU
		{A99558E7-7F32-478F-8BE2-7F4AD4AFEC4C}.Release|x64.ActiveCfg = Release|Any CPU
		{A99558E7-7F32-478F-8BE2-7F4AD4AFEC4C}.Release|x64.Build.0 = Release|Any CPU
		{A99558E7-7F32-478F-8BE2-7F4AD4AFEC4C}.Release|x86.ActiveCfg = Release|Any CPU
		{A99558E7-7F32-478F-8BE2-7F4AD4AFEC4C}.Release|x86.Build.0 = Release|Any CPU
		{9D93047A-93B7-4E75-9A85-85637D2E8D9F}.Debug|Any CPU.ActiveCfg = Debug|Any CPU
		{9D93047A-93B7-4E75-9A85-85637D2E8D9F}.Debug|Any CPU.Build.0 = Debug|Any CPU
		{9D93047A-93B7-4E75-9A85-85637D2E8D9F}.Debug|x64.ActiveCfg = Debug|Any CPU
		{9D93047A-93B7-4E75-9A85-85637D2E8D9F}.Debug|x64.Build.0 = Debug|Any CPU
		{9D93047A-93B7-4E75-9A85-85637D2E8D9F}.Debug|x86.ActiveCfg = Debug|Any CPU
		{9D93047A-93B7-4E75-9A85-85637D2E8D9F}.Debug|x86.Build.0 = Debug|Any CPU
		{9D93047A-93B7-4E75-9A85-85637D2E8D9F}.Release|Any CPU.ActiveCfg = Release|Any CPU
		{9D93047A-93B7-4E75-9A85-85637D2E8D9F}.Release|Any CPU.Build.0 = Release|Any CPU
		{9D93047A-93B7-4E75-9A85-85637D2E8D9F}.Release|x64.ActiveCfg = Release|Any CPU
		{9D93047A-93B7-4E75-9A85-85637D2E8D9F}.Release|x64.Build.0 = Release|Any CPU
		{9D93047A-93B7-4E75-9A85-85637D2E8D9F}.Release|x86.ActiveCfg = Release|Any CPU
		{9D93047A-93B7-4E75-9A85-85637D2E8D9F}.Release|x86.Build.0 = Release|Any CPU
		{B54085F1-8533-414F-BBC8-0C66A545B087}.Debug|Any CPU.ActiveCfg = Debug|Any CPU
		{B54085F1-8533-414F-BBC8-0C66A545B087}.Debug|Any CPU.Build.0 = Debug|Any CPU
		{B54085F1-8533-414F-BBC8-0C66A545B087}.Debug|x64.ActiveCfg = Debug|Any CPU
		{B54085F1-8533-414F-BBC8-0C66A545B087}.Debug|x64.Build.0 = Debug|Any CPU
		{B54085F1-8533-414F-BBC8-0C66A545B087}.Debug|x86.ActiveCfg = Debug|Any CPU
		{B54085F1-8533-414F-BBC8-0C66A545B087}.Debug|x86.Build.0 = Debug|Any CPU
		{B54085F1-8533-414F-BBC8-0C66A545B087}.Release|Any CPU.ActiveCfg = Release|Any CPU
		{B54085F1-8533-414F-BBC8-0C66A545B087}.Release|Any CPU.Build.0 = Release|Any CPU
		{B54085F1-8533-414F-BBC8-0C66A545B087}.Release|x64.ActiveCfg = Release|Any CPU
		{B54085F1-8533-414F-BBC8-0C66A545B087}.Release|x64.Build.0 = Release|Any CPU
		{B54085F1-8533-414F-BBC8-0C66A545B087}.Release|x86.ActiveCfg = Release|Any CPU
		{B54085F1-8533-414F-BBC8-0C66A545B087}.Release|x86.Build.0 = Release|Any CPU
	EndGlobalSection
	GlobalSection(SolutionProperties) = preSolution
		HideSolutionNode = FALSE
	EndGlobalSection
	GlobalSection(NestedProjects) = preSolution
		{9ACD6C40-655C-4376-A07F-0BA1EB790515} = {827E0CD3-B72D-47B6-A68D-7590B98EB39B}
		{07D16BBE-7853-464A-AA9F-6C8713283C04} = {827E0CD3-B72D-47B6-A68D-7590B98EB39B}
		{E697E4CC-4EFB-47AE-A949-AA01D726FFCF} = {827E0CD3-B72D-47B6-A68D-7590B98EB39B}
		{5A45710F-66C0-41FE-8CC5-5B33034681F2} = {827E0CD3-B72D-47B6-A68D-7590B98EB39B}
		{A99558E7-7F32-478F-8BE2-7F4AD4AFEC4C} = {827E0CD3-B72D-47B6-A68D-7590B98EB39B}
		{9D93047A-93B7-4E75-9A85-85637D2E8D9F} = {0AB3BF05-4346-4AA6-1389-037BE0695223}
		{B54085F1-8533-414F-BBC8-0C66A545B087} = {827E0CD3-B72D-47B6-A68D-7590B98EB39B}
	EndGlobalSection
EndGlobal
